
Microsoft Visual Studio Solution File, Format Version 12.00
# Visual Studio 2012
Project("{FAE04EC0-301F-11D3-BF4B-00C04F79EFBC}") = "pk2_RSVPwapp", "pk2_RSVPwapp\pk2_RSVPwapp.csproj", "{0ECA9396-AD5D-458E-A905-BC6F5D8883FD}"
EndProject
Global
	GlobalSection(SolutionConfigurationPlatforms) = preSolution
		Debug|Any CPU = Debug|Any CPU
		Release|Any CPU = Release|Any CPU
	EndGlobalSection
	GlobalSection(ProjectConfigurationPlatforms) = postSolution
		{0ECA9396-AD5D-458E-A905-BC6F5D8883FD}.Debug|Any CPU.ActiveCfg = Debug|Any CPU
		{0ECA9396-AD5D-458E-A905-BC6F5D8883FD}.Debug|Any CPU.Build.0 = Debug|Any CPU
		{0ECA9396-AD5D-458E-A905-BC6F5D8883FD}.Release|Any CPU.ActiveCfg = Release|Any CPU
		{0ECA9396-AD5D-458E-A905-BC6F5D8883FD}.Release|Any CPU.Build.0 = Release|Any CPU
	EndGlobalSection
	GlobalSection(SolutionProperties) = preSolution
		HideSolutionNode = FALSE
	EndGlobalSection
EndGlobal
